# This file is automatically @generated by Cargo.
# It is not intended for manual editing.
version = 3

[[package]]
name = "Simple-Dns-Server"
version = "1989.6.4"
dependencies = [
 "dns-server",
]

[[package]]
name = "dns-server"
version = "0.2.3"
source = "registry+https://github.com/rust-lang/crates.io-index"
checksum = "97ece15cfcffd0a7963e691383af406d4467da0a30d178ec328f9e332ef7c85c"
dependencies = [
 "fixed-buffer",
 "oorandom",
 "permit",
 "prob-rate-limiter",
]

[[package]]
name = "fixed-buffer"
version = "0.3.1"
source = "registry+https://github.com/rust-lang/crates.io-index"
checksum = "40ee7fb99bb4329360810b25714a7a39aa1a716da90692d97b98adcca6ca0152"

[[package]]
name = "oorandom"
version = "11.1.3"
source = "registry+https://github.com/rust-lang/crates.io-index"
checksum = "0ab1bc2a289d34bd04a330323ac98a1b4bc82c9d9fcb1e66b63caa84da26b575"

[[package]]
name = "permit"
version = "0.1.5"
source = "registry+https://github.com/rust-lang/crates.io-index"
checksum = "9831edfbdd5ef199471dc599bb8e5c9d3706cde1a715e5065116e71c1608abc6"

[[package]]
name = "prob-rate-limiter"
version = "0.1.1"
source = "registry+https://github.com/rust-lang/crates.io-index"
checksum = "22624ab4acf3a452d4452a1eb5efbdc9d2dbb18bdcafce67fcd59b3f7ecf6238"
dependencies = [
 "oorandom",
]
